
Microsoft Visual Studio Solution File, Format Version 12.00
# Visual Studio 15
Project("{FAE04EC0-301F-11D3-BF4B-00C04F79EFBC}") = "sinclair_cis2222_spring2020", "sinclair_cis2222_spring2020\sinclair_cis2222_spring2020.csproj", "{A1D0D26B-34D8-4CC6-8A1B-9B7B9C524B36}"
EndProject
Project("{FAE04EC0-301F-11D3-BF4B-00C04F79EFBC}") = "sinclair_cis2222_spring2020.Tests", "sinclair_cis2222_spring2020.Tests\sinclair_cis2222_spring2020.Tests.csproj", "{72492504-2C09-409D-B55E-71AD8A6342DE}"
EndProject
Project("{2150E333-8FDC-42A3-9474-1A3956D46DE8}") = "Solution Items", "Solution Items", "{90463561-C72C-4897-A71B-8B8BBAFF9D09}"
	ProjectSection(SolutionItems) = preProject
		README.MD = README.MD
	EndProjectSection
EndProject
Global
	GlobalSection(SolutionConfigurationPlatforms) = preSolution
		Debug|Any CPU = Debug|Any CPU
		Release|Any CPU = Release|Any CPU
	EndGlobalSection
	GlobalSection(ProjectConfigurationPlatforms) = postSolution
		{A1D0D26B-34D8-4CC6-8A1B-9B7B9C524B36}.Debug|Any CPU.ActiveCfg = Debug|Any CPU
		{A1D0D26B-34D8-4CC6-8A1B-9B7B9C524B36}.Debug|Any CPU.Build.0 = Debug|Any CPU
		{A1D0D26B-34D8-4CC6-8A1B-9B7B9C524B36}.Release|Any CPU.ActiveCfg = Release|Any CPU
		{A1D0D26B-34D8-4CC6-8A1B-9B7B9C524B36}.Release|Any CPU.Build.0 = Release|Any CPU
		{72492504-2C09-409D-B55E-71AD8A6342DE}.Debug|Any CPU.ActiveCfg = Debug|Any CPU
		{72492504-2C09-409D-B55E-71AD8A6342DE}.Debug|Any CPU.Build.0 = Debug|Any CPU
		{72492504-2C09-409D-B55E-71AD8A6342DE}.Release|Any CPU.ActiveCfg = Release|Any CPU
		{72492504-2C09-409D-B55E-71AD8A6342DE}.Release|Any CPU.Build.0 = Release|Any CPU
	EndGlobalSection
EndGlobal
